
Microsoft Visual Studio Solution File, Format Version 12.00
# Visual Studio Version 17
VisualStudioVersion = 17.8.34330.188
MinimumVisualStudioVersion = 10.0.40219.1
Project("{8BC9CEB8-8B4A-11D0-8D11-00A0C91BC942}") = "Encrpytion", "Encrpytion\Encrpytion.vcxproj", "{FE6A80B4-1B31-4011-85CF-10E8FAE1FACB}"
EndProject
Global
	GlobalSection(SolutionConfigurationPlatforms) = preSolution
		Debug|x64 = Debug|x64
		Debug|x86 = Debug|x86
		Release|x64 = Release|x64
		Release|x86 = Release|x86
	EndGlobalSection
	GlobalSection(ProjectConfigurationPlatforms) = postSolution
		{FE6A80B4-1B31-4011-85CF-10E8FAE1FACB}.Debug|x64.ActiveCfg = Debug|x64
		{FE6A80B4-1B31-4011-85CF-10E8FAE1FACB}.Debug|x64.Build.0 = Debug|x64
		{FE6A80B4-1B31-4011-85CF-10E8FAE1FACB}.Debug|x86.ActiveCfg = Debug|Win32
		{FE6A80B4-1B31-4011-85CF-10E8FAE1FACB}.Debug|x86.Build.0 = Debug|Win32
		{FE6A80B4-1B31-4011-85CF-10E8FAE1FACB}.Release|x64.ActiveCfg = Release|x64
		{FE6A80B4-1B31-4011-85CF-10E8FAE1FACB}.Release|x64.Build.0 = Release|x64
		{FE6A80B4-1B31-4011-85CF-10E8FAE1FACB}.Release|x86.ActiveCfg = Release|Win32
		{FE6A80B4-1B31-4011-85CF-10E8FAE1FACB}.Release|x86.Build.0 = Release|Win32
	EndGlobalSection
	GlobalSection(SolutionProperties) = preSolution
		HideSolutionNode = FALSE
	EndGlobalSection
	GlobalSection(ExtensibilityGlobals) = postSolution
		SolutionGuid = {09574333-4061-4465-A2BC-5E8678ED9478}
	EndGlobalSection
EndGlobal
